// !$*UTF8*$!
{
	archiveVersion = 1;
	classes = {
	};
	objectVersion = 46;
	objects = {

/* Begin PBXBuildFile section */
		66A906E61C396DB400FEEB07 /* AppDelegate.swift in Sources */ = {isa = PBXBuildFile; fileRef = 66A906E51C396DB400FEEB07 /* AppDelegate.swift */; };
		66A906E81C396DB400FEEB07 /* FirstViewController.swift in Sources */ = {isa = PBXBuildFile; fileRef = 66A906E71C396DB400FEEB07 /* FirstViewController.swift */; };
		66A906EA1C396DB400FEEB07 /* SecondViewController.swift in Sources */ = {isa = PBXBuildFile; fileRef = 66A906E91C396DB400FEEB07 /* SecondViewController.swift */; };
		66A906ED1C396DB400FEEB07 /* Main.storyboard in Resources */ = {isa = PBXBuildFile; fileRef = 66A906EB1C396DB400FEEB07 /* Main.storyboard */; };
		66A906EF1C396DB400FEEB07 /* Assets.xcassets in Resources */ = {isa = PBXBuildFile; fileRef = 66A906EE1C396DB400FEEB07 /* Assets.xcassets */; };
		66A906F21C396DB400FEEB07 /* LaunchScreen.storyboard in Resources */ = {isa = PBXBuildFile; fileRef = 66A906F01C396DB400FEEB07 /* LaunchScreen.storyboard */; };
		66A906FD1C396DB400FEEB07 /* CollectorTests.swift in Sources */ = {isa = PBXBuildFile; fileRef = 66A906FC1C396DB400FEEB07 /* CollectorTests.swift */; };
		66A907081C396DB400FEEB07 /* CollectorUITests.swift in Sources */ = {isa = PBXBuildFile; fileRef = 66A907071C396DB400FEEB07 /* CollectorUITests.swift */; };
/* End PBXBuildFile section */

/* Begin PBXContainerItemProxy section */
		66A906F91C396DB400FEEB07 /* PBXContainerItemProxy */ = {
			isa = PBXContainerItemProxy;
			containerPortal = 66A906DA1C396DB300FEEB07 /* Project object */;
			proxyType = 1;
			remoteGlobalIDString = 66A906E11C396DB300FEEB07;
			remoteInfo = Collector;
		};
		66A907041C396DB400FEEB07 /* PBXContainerItemProxy */ = {
			isa = PBXContainerItemProxy;
			containerPortal = 66A906DA1C396DB300FEEB07 /* Project object */;
			proxyType = 1;
			remoteGlobalIDString = 66A906E11C396DB300FEEB07;
			remoteInfo = Collector;
		};
/* End PBXContainerItemProxy section */

/* Begin PBXFileReference section */
		66A906E21C396DB400FEEB07 /* Collector.app */ = {isa = PBXFileReference; explicitFileType = wrapper.application; includeInIndex = 0; path = Collector.app; sourceTree = BUILT_PRODUCTS_DIR; };
		66A906E51C396DB400FEEB07 /* AppDelegate.swift */ = {isa = PBXFileReference; lastKnownFileType = sourcecode.swift; path = AppDelegate.swift; sourceTree = "<group>"; };
		66A906E71C396DB400FEEB07 /* FirstViewController.swift */ = {isa = PBXFileReference; lastKnownFileType = sourcecode.swift; path = FirstViewController.swift; sourceTree = "<group>"; };
		66A906E91C396DB400FEEB07 /* SecondViewController.swift */ = {isa = PBXFileReference; lastKnownFileType = sourcecode.swift; path = SecondViewController.swift; sourceTree = "<group>"; };
		66A906EC1C396DB400FEEB07 /* Base */ = {isa = PBXFileReference; lastKnownFileType = file.storyboard; name = Base; path = Base.lproj/Main.storyboard; sourceTree = "<group>"; };
		66A906EE1C396DB400FEEB07 /* Assets.xcassets */ = {isa = PBXFileReference; lastKnownFileType = folder.assetcatalog; path = Assets.xcassets; sourceTree = "<group>"; };
		66A906F11C396DB400FEEB07 /* Base */ = {isa = PBXFileReference; lastKnownFileType = file.storyboard; name = Base; path = Base.lproj/LaunchScreen.storyboard; sourceTree = "<group>"; };
		66A906F31C396DB400FEEB07 /* Info.plist */ = {isa = PBXFileReference; lastKnownFileType = text.plist.xml; path = Info.plist; sourceTree = "<group>"; };
		66A906F81C396DB400FEEB07 /* CollectorTests.xctest */ = {isa = PBXFileReference; explicitFileType = wrapper.cfbundle; includeInIndex = 0; path = CollectorTests.xctest; sourceTree = BUILT_PRODUCTS_DIR; };
		66A906FC1C396DB400FEEB07 /* CollectorTests.swift */ = {isa = PBXFileReference; lastKnownFileType = sourcecode.swift; path = CollectorTests.swift; sourceTree = "<group>"; };
		66A906FE1C396DB400FEEB07 /* Info.plist */ = {isa = PBXFileReference; lastKnownFileType = text.plist.xml; path = Info.plist; sourceTree = "<group>"; };
		66A907031C396DB400FEEB07 /* CollectorUITests.xctest */ = {isa = PBXFileReference; explicitFileType = wrapper.cfbundle; includeInIndex = 0; path = CollectorUITests.xctest; sourceTree = BUILT_PRODUCTS_DIR; };
		66A907071C396DB400FEEB07 /* CollectorUITests.swift */ = {isa = PBXFileReference; lastKnownFileType = sourcecode.swift; path = CollectorUITests.swift; sourceTree = "<group>"; };
		66A907091C396DB400FEEB07 /* Info.plist */ = {isa = PBXFileReference; lastKnownFileType = text.plist.xml; path = Info.plist; sourceTree = "<group>"; };
/* End PBXFileReference section */

/* Begin PBXFrameworksBuildPhase section */
		66A906DF1C396DB300FEEB07 /* Frameworks */ = {
			isa = PBXFrameworksBuildPhase;
			buildActionMask = 2147483647;
			files = (
			);
			runOnlyForDeploymentPostprocessing = 0;
		};
		66A906F51C396DB400FEEB07 /* Frameworks */ = {
			isa = PBXFrameworksBuildPhase;
			buildActionMask = 2147483647;
			files = (
			);
			runOnlyForDeploymentPostprocessing = 0;
		};
		66A907001C396DB400FEEB07 /* Frameworks */ = {
			isa = PBXFrameworksBuildPhase;
			buildActionMask = 2147483647;
			files = (
			);
			runOnlyForDeploymentPostprocessing = 0;
		};
/* End PBXFrameworksBuildPhase section */

/* Begin PBXGroup section */
		66A906D91C396DB300FEEB07 = {
			isa = PBXGroup;
			children = (
				66A906E41C396DB400FEEB07 /* Collector */,
				66A906FB1C396DB400FEEB07 /* CollectorTests */,
				66A907061C396DB400FEEB07 /* CollectorUITests */,
				66A906E31C396DB400FEEB07 /* Products */,
			);
			sourceTree = "<group>";
		};
		66A906E31C396DB400FEEB07 /* Products */ = {
			isa = PBXGroup;
			children = (
				66A906E21C396DB400FEEB07 /* Collector.app */,
				66A906F81C396DB400FEEB07 /* CollectorTests.xctest */,
				66A907031C396DB400FEEB07 /* CollectorUITests.xctest */,
			);
			name = Products;
			sourceTree = "<group>";
		};
		66A906E41C396DB400FEEB07 /* Collector */ = {
			isa = PBXGroup;
			children = (
				66A906E51C396DB400FEEB07 /* AppDelegate.swift */,
				66A906E71C396DB400FEEB07 /* FirstViewController.swift */,
				66A906E91C396DB400FEEB07 /* SecondViewController.swift */,
				66A906EB1C396DB400FEEB07 /* Main.storyboard */,
				66A906EE1C396DB400FEEB07 /* Assets.xcassets */,
				66A906F01C396DB400FEEB07 /* LaunchScreen.storyboard */,
				66A906F31C396DB400FEEB07 /* Info.plist */,
			);
			path = Collector;
			sourceTree = "<group>";
		};
		66A906FB1C396DB400FEEB07 /* CollectorTests */ = {
			isa = PBXGroup;
			children = (
				66A906FC1C396DB400FEEB07 /* CollectorTests.swift */,
				66A906FE1C396DB400FEEB07 /* Info.plist */,
			);
			path = CollectorTests;
			sourceTree = "<group>";
		};
		66A907061C396DB400FEEB07 /* CollectorUITests */ = {
			isa = PBXGroup;
			children = (
				66A907071C396DB400FEEB07 /* CollectorUITests.swift */,
				66A907091C396DB400FEEB07 /* Info.plist */,
			);
			path = CollectorUITests;
			sourceTree = "<group>";
		};
/* End PBXGroup section */

/* Begin PBXNativeTarget section */
		66A906E11C396DB300FEEB07 /* Collector */ = {
			isa = PBXNativeTarget;
			buildConfigurationList = 66A9070C1C396DB400FEEB07 /* Build configuration list for PBXNativeTarget "Collector" */;
			buildPhases = (
				66A906DE1C396DB300FEEB07 /* Sources */,
				66A906DF1C396DB300FEEB07 /* Frameworks */,
				66A906E01C396DB300FEEB07 /* Resources */,
			);
			buildRules = (
			);
			dependencies = (
			);
			name = Collector;
			productName = Collector;
			productReference = 66A906E21C396DB400FEEB07 /* Collector.app */;
			productType = "com.apple.product-type.application";
		};
		66A906F71C396DB400FEEB07 /* CollectorTests */ = {
			isa = PBXNativeTarget;
			buildConfigurationList = 66A9070F1C396DB400FEEB07 /* Build configuration list for PBXNativeTarget "CollectorTests" */;
			buildPhases = (
				66A906F41C396DB400FEEB07 /* Sources */,
				66A906F51C396DB400FEEB07 /* Frameworks */,
				66A906F61C396DB400FEEB07 /* Resources */,
			);
			buildRules = (
			);
			dependencies = (
				66A906FA1C396DB400FEEB07 /* PBXTargetDependency */,
			);
			name = CollectorTests;
			productName = CollectorTests;
			productReference = 66A906F81C396DB400FEEB07 /* CollectorTests.xctest */;
			productType = "com.apple.product-type.bundle.unit-test";
		};
		66A907021C396DB400FEEB07 /* CollectorUITests */ = {
			isa = PBXNativeTarget;
			buildConfigurationList = 66A907121C396DB400FEEB07 /* Build configuration list for PBXNativeTarget "CollectorUITests" */;
			buildPhases = (
				66A906FF1C396DB400FEEB07 /* Sources */,
				66A907001C396DB400FEEB07 /* Frameworks */,
				66A907011C396DB400FEEB07 /* Resources */,
			);
			buildRules = (
			);
			dependencies = (
				66A907051C396DB400FEEB07 /* PBXTargetDependency */,
			);
			name = CollectorUITests;
			productName = CollectorUITests;
			productReference = 66A907031C396DB400FEEB07 /* CollectorUITests.xctest */;
			productType = "com.apple.product-type.bundle.ui-testing";
		};
/* End PBXNativeTarget section */

/* Begin PBXProject section */
		66A906DA1C396DB300FEEB07 /* Project object */ = {
			isa = PBXProject;
			attributes = {
				LastSwiftUpdateCheck = 0720;
				LastUpgradeCheck = 0720;
				ORGANIZATIONNAME = Msk;
				TargetAttributes = {
					66A906E11C396DB300FEEB07 = {
						CreatedOnToolsVersion = 7.2;
						DevelopmentTeam = 6573RP7V6U;
					};
					66A906F71C396DB400FEEB07 = {
						CreatedOnToolsVersion = 7.2;
						DevelopmentTeam = 6573RP7V6U;
						TestTargetID = 66A906E11C396DB300FEEB07;
					};
					66A907021C396DB400FEEB07 = {
						CreatedOnToolsVersion = 7.2;
						DevelopmentTeam = 6573RP7V6U;
						TestTargetID = 66A906E11C396DB300FEEB07;
					};
				};
			};
			buildConfigurationList = 66A906DD1C396DB300FEEB07 /* Build configuration list for PBXProject "Collector" */;
			compatibilityVersion = "Xcode 3.2";
			developmentRegion = English;
			hasScannedForEncodings = 0;
			knownRegions = (
				en,
				Base,
			);
			mainGroup = 66A906D91C396DB300FEEB07;
			productRefGroup = 66A906E31C396DB400FEEB07 /* Products */;
			projectDirPath = "";
			projectRoot = "";
			targets = (
				66A906E11C396DB300FEEB07 /* Collector */,
				66A906F71C396DB400FEEB07 /* CollectorTests */,
				66A907021C396DB400FEEB07 /* CollectorUITests */,
			);
		};
/* End PBXProject section */

/* Begin PBXResourcesBuildPhase section */
		66A906E01C396DB300FEEB07 /* Resources */ = {
			isa = PBXResourcesBuildPhase;
			buildActionMask = 2147483647;
			files = (
				66A906F21C396DB400FEEB07 /* LaunchScreen.storyboard in Resources */,
				66A906EF1C396DB400FEEB07 /* Assets.xcassets in Resources */,
				66A906ED1C396DB400FEEB07 /* Main.storyboard in Resources */,
			);
			runOnlyForDeploymentPostprocessing = 0;
		};
		66A906F61C396DB400FEEB07 /* Resources */ = {
			isa = PBXResourcesBuildPhase;
			buildActionMask = 2147483647;
			files = (
			);
			runOnlyForDeploymentPostprocessing = 0;
		};
		66A907011C396DB400FEEB07 /* Resources */ = {
			isa = PBXResourcesBuildPhase;
			buildActionMask = 2147483647;
			files = (
			);
			runOnlyForDeploymentPostprocessing = 0;
		};
/* End PBXResourcesBuildPhase section */

/* Begin PBXSourcesBuildPhase section */
		66A906DE1C396DB300FEEB07 /* Sources */ = {
			isa = PBXSourcesBuildPhase;
			buildActionMask = 2147483647;
			files = (
				66A906EA1C396DB400FEEB07 /* SecondViewController.swift in Sources */,
				66A906E61C396DB400FEEB07 /* AppDelegate.swift in Sources */,
				66A906E81C396DB400FEEB07 /* FirstViewController.swift in Sources */,
			);
			runOnlyForDeploymentPostprocessing = 0;
		};
		66A906F41C396DB400FEEB07 /* Sources */ = {
			isa = PBXSourcesBuildPhase;
			buildActionMask = 2147483647;
			files = (
				66A906FD1C396DB400FEEB07 /* CollectorTests.swift in Sources */,
			);
			runOnlyForDeploymentPostprocessing = 0;
		};
		66A906FF1C396DB400FEEB07 /* Sources */ = {
			isa = PBXSourcesBuildPhase;
			buildActionMask = 2147483647;
			files = (
				66A907081C396DB400FEEB07 /* CollectorUITests.swift in Sources */,
			);
			runOnlyForDeploymentPostprocessing = 0;
		};
/* End PBXSourcesBuildPhase section */

/* Begin PBXTargetDependency section */
		66A906FA1C396DB400FEEB07 /* PBXTargetDependency */ = {
			isa = PBXTargetDependency;
			target = 66A906E11C396DB300FEEB07 /* Collector */;
			targetProxy = 66A906F91C396DB400FEEB07 /* PBXContainerItemProxy */;
		};
		66A907051C396DB400FEEB07 /* PBXTargetDependency */ = {
			isa = PBXTargetDependency;
			target = 66A906E11C396DB300FEEB07 /* Collector */;
			targetProxy = 66A907041C396DB400FEEB07 /* PBXContainerItemProxy */;
		};
/* End PBXTargetDependency section */

/* Begin PBXVariantGroup section */
		66A906EB1C396DB400FEEB07 /* Main.storyboard */ = {
			isa = PBXVariantGroup;
			children = (
				66A906EC1C396DB400FEEB07 /* Base */,
			);
			name = Main.storyboard;
			sourceTree = "<group>";
		};
		66A906F01C396DB400FEEB07 /* LaunchScreen.storyboard */ = {
			isa = PBXVariantGroup;
			children = (
				66A906F11C396DB400FEEB07 /* Base */,
			);
			name = LaunchScreen.storyboard;
			sourceTree = "<group>";
		};
/* End PBXVariantGroup section */

/* Begin XCBuildConfiguration section */
		66A9070A1C396DB400FEEB07 /* Debug */ = {
			isa = XCBuildConfiguration;
			buildSettings = {
				ALWAYS_SEARCH_USER_PATHS = NO;
				CLANG_CXX_LANGUAGE_STANDARD = "gnu++0x";
				CLANG_CXX_LIBRARY = "libc++";
				CLANG_ENABLE_MODULES = YES;
				CLANG_ENABLE_OBJC_ARC = YES;
				CLANG_WARN_BOOL_CONVERSION = YES;
				CLANG_WARN_CONSTANT_CONVERSION = YES;
				CLANG_WARN_DIRECT_OBJC_ISA_USAGE = YES_ERROR;
				CLANG_WARN_EMPTY_BODY = YES;
				CLANG_WARN_ENUM_CONVERSION = YES;
				CLANG_WARN_INT_CONVERSION = YES;
				CLANG_WARN_OBJC_ROOT_CLASS = YES_ERROR;
				CLANG_WARN_UNREACHABLE_CODE = YES;
				CLANG_WARN__DUPLICATE_METHOD_MATCH = YES;
				"CODE_SIGN_IDENTITY[sdk=iphoneos*]" = "iPhone Developer";
				COPY_PHASE_STRIP = NO;
				DEBUG_INFORMATION_FORMAT = dwarf;
				ENABLE_STRICT_OBJC_MSGSEND = YES;
				ENABLE_TESTABILITY = YES;
				GCC_C_LANGUAGE_STANDARD = gnu99;
				GCC_DYNAMIC_NO_PIC = NO;
				GCC_NO_COMMON_BLOCKS = YES;
				GCC_OPTIMIZATION_LEVEL = 0;
				GCC_PREPROCESSOR_DEFINITIONS = (
					"DEBUG=1",
					"$(inherited)",
				);
				GCC_WARN_64_TO_32_BIT_CONVERSION = YES;
				GCC_WARN_ABOUT_RETURN_TYPE = YES_ERROR;
				GCC_WARN_UNDECLARED_SELECTOR = YES;
				GCC_WARN_UNINITIALIZED_AUTOS = YES_AGGRESSIVE;
				GCC_WARN_UNUSED_FUNCTION = YES;
				GCC_WARN_UNUSED_VARIABLE = YES;
				IPHONEOS_DEPLOYMENT_TARGET = 9.2;
				MTL_ENABLE_DEBUG_INFO = YES;
				ONLY_ACTIVE_ARCH = YES;
				SDKROOT = iphoneos;
				SWIFT_OPTIMIZATION_LEVEL = "-Onone";
			};
			name = Debug;
		};
		66A9070B1C396DB400FEEB07 /* Release */ = {
			isa = XCBuildConfiguration;
			buildSettings = {
				ALWAYS_SEARCH_USER_PATHS = NO;
				CLANG_CXX_LANGUAGE_STANDARD = "gnu++0x";
				CLANG_CXX_LIBRARY = "libc++";
				CLANG_ENABLE_MODULES = YES;
				CLANG_ENABLE_OBJC_ARC = YES;
				CLANG_WARN_BOOL_CONVERSION = YES;
				CLANG_WARN_CONSTANT_CONVERSION = YES;
				CLANG_WARN_DIRECT_OBJC_ISA_USAGE = YES_ERROR;
				CLANG_WARN_EMPTY_BODY = YES;
				CLANG_WARN_ENUM_CONVERSION = YES;
				CLANG_WARN_INT_CONVERSION = YES;
				CLANG_WARN_OBJC_ROOT_CLASS = YES_ERROR;
				CLANG_WARN_UNREACHABLE_CODE = YES;
				CLANG_WARN__DUPLICATE_METHOD_MATCH = YES;
				"CODE_SIGN_IDENTITY[sdk=iphoneos*]" = "iPhone Developer";
				COPY_PHASE_STRIP = NO;
				DEBUG_INFORMATION_FORMAT = "dwarf-with-dsym";
				ENABLE_NS_ASSERTIONS = NO;
				ENABLE_STRICT_OBJC_MSGSEND = YES;
				GCC_C_LANGUAGE_STANDARD = gnu99;
				GCC_NO_COMMON_BLOCKS = YES;
				GCC_WARN_64_TO_32_BIT_CONVERSION = YES;
				GCC_WARN_ABOUT_RETURN_TYPE = YES_ERROR;
				GCC_WARN_UNDECLARED_SELECTOR = YES;
				GCC_WARN_UNINITIALIZED_AUTOS = YES_AGGRESSIVE;
				GCC_WARN_UNUSED_FUNCTION = YES;
				GCC_WARN_UNUSED_VARIABLE = YES;
				IPHONEOS_DEPLOYMENT_TARGET = 9.2;
				MTL_ENABLE_DEBUG_INFO = NO;
				SDKROOT = iphoneos;
				VALIDATE_PRODUCT = YES;
			};
			name = Release;
		};
		66A9070D1C396DB400FEEB07 /* Debug */ = {
			isa = XCBuildConfiguration;
			buildSettings = {
				ASSETCATALOG_COMPILER_APPICON_NAME = AppIcon;
				INFOPLIST_FILE = Collector/Info.plist;
				LD_RUNPATH_SEARCH_PATHS = "$(inherited) @executable_path/Frameworks";
				PRODUCT_BUNDLE_IDENTIFIER = msk.pm.Collector;
				PRODUCT_NAME = "$(TARGET_NAME)";
			};
			name = Debug;
		};
		66A9070E1C396DB400FEEB07 /* Release */ = {
			isa = XCBuildConfiguration;
			buildSettings = {
				ASSETCATALOG_COMPILER_APPICON_NAME = AppIcon;
				INFOPLIST_FILE = Collector/Info.plist;
				LD_RUNPATH_SEARCH_PATHS = "$(inherited) @executable_path/Frameworks";
				PRODUCT_BUNDLE_IDENTIFIER = msk.pm.Collector;
				PRODUCT_NAME = "$(TARGET_NAME)";
			};
			name = Release;
		};
		66A907101C396DB400FEEB07 /* Debug */ = {
			isa = XCBuildConfiguration;
			buildSettings = {
				BUNDLE_LOADER = "$(TEST_HOST)";
				INFOPLIST_FILE = CollectorTests/Info.plist;
				LD_RUNPATH_SEARCH_PATHS = "$(inherited) @executable_path/Frameworks @loader_path/Frameworks";
				PRODUCT_BUNDLE_IDENTIFIER = msk.pm.CollectorTests;
				PRODUCT_NAME = "$(TARGET_NAME)";
				TEST_HOST = "$(BUILT_PRODUCTS_DIR)/Collector.app/Collector";
			};
			name = Debug;
		};
		66A907111C396DB400FEEB07 /* Release */ = {
			isa = XCBuildConfiguration;
			buildSettings = {
				BUNDLE_LOADER = "$(TEST_HOST)";
				INFOPLIST_FILE = CollectorTests/Info.plist;
				LD_RUNPATH_SEARCH_PATHS = "$(inherited) @executable_path/Frameworks @loader_path/Frameworks";
				PRODUCT_BUNDLE_IDENTIFIER = msk.pm.CollectorTests;
				PRODUCT_NAME = "$(TARGET_NAME)";
				TEST_HOST = "$(BUILT_PRODUCTS_DIR)/Collector.app/Collector";
			};
			name = Release;
		};
		66A907131C396DB400FEEB07 /* Debug */ = {
			isa = XCBuildConfiguration;
			buildSettings = {
				INFOPLIST_FILE = CollectorUITests/Info.plist;
				LD_RUNPATH_SEARCH_PATHS = "$(inherited) @executable_path/Frameworks @loader_path/Frameworks";
				PRODUCT_BUNDLE_IDENTIFIER = msk.pm.CollectorUITests;
				PRODUCT_NAME = "$(TARGET_NAME)";
				TEST_TARGET_NAME = Collector;
				USES_XCTRUNNER = YES;
			};
			name = Debug;
		};
		66A907141C396DB400FEEB07 /* Release */ = {
			isa = XCBuildConfiguration;
			buildSettings = {
				INFOPLIST_FILE = CollectorUITests/Info.plist;
				LD_RUNPATH_SEARCH_PATHS = "$(inherited) @executable_path/Frameworks @loader_path/Frameworks";
				PRODUCT_BUNDLE_IDENTIFIER = msk.pm.CollectorUITests;
				PRODUCT_NAME = "$(TARGET_NAME)";
				TEST_TARGET_NAME = Collector;
				USES_XCTRUNNER = YES;
			};
			name = Release;
		};
/* End XCBuildConfiguration section */

/* Begin XCConfigurationList section */
		66A906DD1C396DB300FEEB07 /* Build configuration list for PBXProject "Collector" */ = {
			isa = XCConfigurationList;
			buildConfigurations = (
				66A9070A1C396DB400FEEB07 /* Debug */,
				66A9070B1C396DB400FEEB07 /* Release */,
			);
			defaultConfigurationIsVisible = 0;
			defaultConfigurationName = Release;
		};
		66A9070C1C396DB400FEEB07 /* Build configuration list for PBXNativeTarget "Collector" */ = {
			isa = XCConfigurationList;
			buildConfigurations = (
				66A9070D1C396DB400FEEB07 /* Debug */,
				66A9070E1C396DB400FEEB07 /* Release */,
			);
			defaultConfigurationIsVisible = 0;
		};
		66A9070F1C396DB400FEEB07 /* Build configuration list for PBXNativeTarget "CollectorTests" */ = {
			isa = XCConfigurationList;
			buildConfigurations = (
				66A907101C396DB400FEEB07 /* Debug */,
				66A907111C396DB400FEEB07 /* Release */,
			);
			defaultConfigurationIsVisible = 0;
		};
		66A907121C396DB400FEEB07 /* Build configuration list for PBXNativeTarget "CollectorUITests" */ = {
			isa = XCConfigurationList;
			buildConfigurations = (
				66A907131C396DB400FEEB07 /* Debug */,
				66A907141C396DB400FEEB07 /* Release */,
			);
			defaultConfigurationIsVisible = 0;
		};
/* End XCConfigurationList section */
	};
	rootObject = 66A906DA1C396DB300FEEB07 /* Project object */;
}
